
Microsoft Visual Studio Solution File, Format Version 12.00
# Visual Studio Version 16
VisualStudioVersion = 16.0.31402.337
MinimumVisualStudioVersion = 10.0.40219.1
Project("{FAE04EC0-301F-11D3-BF4B-00C04F79EFBC}") = "BlazorDemo.Server", "BlazorDemo\Server\BlazorDemo.Server.csproj", "{3D6A3592-B899-473E-B6E1-B5960024105C}"
EndProject
Project("{FAE04EC0-301F-11D3-BF4B-00C04F79EFBC}") = "BlazorDemo.Client", "BlazorDemo\Client\BlazorDemo.Client.csproj", "{6982F274-90F7-4307-BE69-7896A192CCE5}"
EndProject
Project("{FAE04EC0-301F-11D3-BF4B-00C04F79EFBC}") = "BlazorDemo.Shared", "BlazorDemo\Shared\BlazorDemo.Shared.csproj", "{DAB22E46-B9DA-4EC1-B257-EFF2243B19E4}"
EndProject
Global
	GlobalSection(SolutionConfigurationPlatforms) = preSolution
		Debug|Any CPU = Debug|Any CPU
		Release|Any CPU = Release|Any CPU
	EndGlobalSection
	GlobalSection(ProjectConfigurationPlatforms) = postSolution
		{3D6A3592-B899-473E-B6E1-B5960024105C}.Debug|Any CPU.ActiveCfg = Debug|Any CPU
		{3D6A3592-B899-473E-B6E1-B5960024105C}.Debug|Any CPU.Build.0 = Debug|Any CPU
		{3D6A3592-B899-473E-B6E1-B5960024105C}.Release|Any CPU.ActiveCfg = Release|Any CPU
		{3D6A3592-B899-473E-B6E1-B5960024105C}.Release|Any CPU.Build.0 = Release|Any CPU
		{6982F274-90F7-4307-BE69-7896A192CCE5}.Debug|Any CPU.ActiveCfg = Debug|Any CPU
		{6982F274-90F7-4307-BE69-7896A192CCE5}.Debug|Any CPU.Build.0 = Debug|Any CPU
		{6982F274-90F7-4307-BE69-7896A192CCE5}.Release|Any CPU.ActiveCfg = Release|Any CPU
		{6982F274-90F7-4307-BE69-7896A192CCE5}.Release|Any CPU.Build.0 = Release|Any CPU
		{DAB22E46-B9DA-4EC1-B257-EFF2243B19E4}.Debug|Any CPU.ActiveCfg = Debug|Any CPU
		{DAB22E46-B9DA-4EC1-B257-EFF2243B19E4}.Debug|Any CPU.Build.0 = Debug|Any CPU
		{DAB22E46-B9DA-4EC1-B257-EFF2243B19E4}.Release|Any CPU.ActiveCfg = Release|Any CPU
		{DAB22E46-B9DA-4EC1-B257-EFF2243B19E4}.Release|Any CPU.Build.0 = Release|Any CPU
	EndGlobalSection
	GlobalSection(SolutionProperties) = preSolution
		HideSolutionNode = FALSE
	EndGlobalSection
	GlobalSection(ExtensibilityGlobals) = postSolution
		SolutionGuid = {323C7E68-FCB3-400D-9C65-73895E28FF38}
	EndGlobalSection
EndGlobal
